
Microsoft Visual Studio Solution File, Format Version 12.00
# Visual Studio Version 16
VisualStudioVersion = 16.0.29920.165
MinimumVisualStudioVersion = 10.0.40219.1
Project("{FAE04EC0-301F-11D3-BF4B-00C04F79EFBC}") = "影像壓縮", "影像壓縮\影像壓縮.csproj", "{94956611-AE81-467D-B558-6CFEB6B5F7C0}"
EndProject
Global
	GlobalSection(SolutionConfigurationPlatforms) = preSolution
		Debug|Any CPU = Debug|Any CPU
		Release|Any CPU = Release|Any CPU
	EndGlobalSection
	GlobalSection(ProjectConfigurationPlatforms) = postSolution
		{94956611-AE81-467D-B558-6CFEB6B5F7C0}.Debug|Any CPU.ActiveCfg = Debug|Any CPU
		{94956611-AE81-467D-B558-6CFEB6B5F7C0}.Debug|Any CPU.Build.0 = Debug|Any CPU
		{94956611-AE81-467D-B558-6CFEB6B5F7C0}.Release|Any CPU.ActiveCfg = Release|Any CPU
		{94956611-AE81-467D-B558-6CFEB6B5F7C0}.Release|Any CPU.Build.0 = Release|Any CPU
	EndGlobalSection
	GlobalSection(SolutionProperties) = preSolution
		HideSolutionNode = FALSE
	EndGlobalSection
	GlobalSection(ExtensibilityGlobals) = postSolution
		SolutionGuid = {E5FFE4DC-CDBC-4AD9-B654-E3696659FDD4}
	EndGlobalSection
EndGlobal
